
Microsoft Visual Studio Solution File, Format Version 10.00
# Visual C# Express 2008
Project("{FAE04EC0-301F-11D3-BF4B-00C04F79EFBC}") = "Fuzzy1", "Fuzzy1\Fuzzy1.csproj", "{7D655078-3D49-4183-93A1-A080B801A995}"
EndProject
Global
	GlobalSection(SolutionConfigurationPlatforms) = preSolution
		Debug|Any CPU = Debug|Any CPU
		Release|Any CPU = Release|Any CPU
	EndGlobalSection
	GlobalSection(ProjectConfigurationPlatforms) = postSolution
		{7D655078-3D49-4183-93A1-A080B801A995}.Debug|Any CPU.ActiveCfg = Debug|Any CPU
		{7D655078-3D49-4183-93A1-A080B801A995}.Debug|Any CPU.Build.0 = Debug|Any CPU
		{7D655078-3D49-4183-93A1-A080B801A995}.Release|Any CPU.ActiveCfg = Release|Any CPU
		{7D655078-3D49-4183-93A1-A080B801A995}.Release|Any CPU.Build.0 = Release|Any CPU
	EndGlobalSection
	GlobalSection(SolutionProperties) = preSolution
		HideSolutionNode = FALSE
	EndGlobalSection
EndGlobal
